
Microsoft Visual Studio Solution File, Format Version 12.00
# Visual Studio Version 17
VisualStudioVersion = 17.0.32014.148
MinimumVisualStudioVersion = 10.0.40219.1
Project("{FAE04EC0-301F-11D3-BF4B-00C04F79EFBC}") = "BiakApp.Android", "BiakApp\BiakApp.Android\BiakApp.Android.csproj", "{A64C8EE2-C271-47B2-9375-A12020DB6250}"
EndProject
Project("{FAE04EC0-301F-11D3-BF4B-00C04F79EFBC}") = "BiakApp.iOS", "BiakApp\BiakApp.iOS\BiakApp.iOS.csproj", "{0774484B-99A3-4439-996C-D10EC33C9BAC}"
EndProject
Project("{FAE04EC0-301F-11D3-BF4B-00C04F79EFBC}") = "BiakApp", "BiakApp\BiakApp\BiakApp.csproj", "{484EEB42-C005-4DD3-B808-1322485A0AB0}"
EndProject
Global
	GlobalSection(SolutionConfigurationPlatforms) = preSolution
		Debug|Any CPU = Debug|Any CPU
		Debug|iPhone = Debug|iPhone
		Debug|iPhoneSimulator = Debug|iPhoneSimulator
		Release|Any CPU = Release|Any CPU
		Release|iPhone = Release|iPhone
		Release|iPhoneSimulator = Release|iPhoneSimulator
	EndGlobalSection
	GlobalSection(ProjectConfigurationPlatforms) = postSolution
		{A64C8EE2-C271-47B2-9375-A12020DB6250}.Debug|Any CPU.ActiveCfg = Debug|Any CPU
		{A64C8EE2-C271-47B2-9375-A12020DB6250}.Debug|Any CPU.Build.0 = Debug|Any CPU
		{A64C8EE2-C271-47B2-9375-A12020DB6250}.Debug|Any CPU.Deploy.0 = Debug|Any CPU
		{A64C8EE2-C271-47B2-9375-A12020DB6250}.Debug|iPhone.ActiveCfg = Debug|Any CPU
		{A64C8EE2-C271-47B2-9375-A12020DB6250}.Debug|iPhone.Build.0 = Debug|Any CPU
		{A64C8EE2-C271-47B2-9375-A12020DB6250}.Debug|iPhone.Deploy.0 = Debug|Any CPU
		{A64C8EE2-C271-47B2-9375-A12020DB6250}.Debug|iPhoneSimulator.ActiveCfg = Debug|Any CPU
		{A64C8EE2-C271-47B2-9375-A12020DB6250}.Debug|iPhoneSimulator.Build.0 = Debug|Any CPU
		{A64C8EE2-C271-47B2-9375-A12020DB6250}.Debug|iPhoneSimulator.Deploy.0 = Debug|Any CPU
		{A64C8EE2-C271-47B2-9375-A12020DB6250}.Release|Any CPU.ActiveCfg = Release|Any CPU
		{A64C8EE2-C271-47B2-9375-A12020DB6250}.Release|Any CPU.Build.0 = Release|Any CPU
		{A64C8EE2-C271-47B2-9375-A12020DB6250}.Release|Any CPU.Deploy.0 = Release|Any CPU
		{A64C8EE2-C271-47B2-9375-A12020DB6250}.Release|iPhone.ActiveCfg = Release|Any CPU
		{A64C8EE2-C271-47B2-9375-A12020DB6250}.Release|iPhone.Build.0 = Release|Any CPU
		{A64C8EE2-C271-47B2-9375-A12020DB6250}.Release|iPhone.Deploy.0 = Release|Any CPU
		{A64C8EE2-C271-47B2-9375-A12020DB6250}.Release|iPhoneSimulator.ActiveCfg = Release|Any CPU
		{A64C8EE2-C271-47B2-9375-A12020DB6250}.Release|iPhoneSimulator.Build.0 = Release|Any CPU
		{A64C8EE2-C271-47B2-9375-A12020DB6250}.Release|iPhoneSimulator.Deploy.0 = Release|Any CPU
		{0774484B-99A3-4439-996C-D10EC33C9BAC}.Debug|Any CPU.ActiveCfg = Debug|iPhone
		{0774484B-99A3-4439-996C-D10EC33C9BAC}.Debug|Any CPU.Build.0 = Debug|iPhone
		{0774484B-99A3-4439-996C-D10EC33C9BAC}.Debug|Any CPU.Deploy.0 = Debug|iPhone
		{0774484B-99A3-4439-996C-D10EC33C9BAC}.Debug|iPhone.ActiveCfg = Debug|iPhone
		{0774484B-99A3-4439-996C-D10EC33C9BAC}.Debug|iPhone.Build.0 = Debug|iPhone
		{0774484B-99A3-4439-996C-D10EC33C9BAC}.Debug|iPhone.Deploy.0 = Debug|iPhone
		{0774484B-99A3-4439-996C-D10EC33C9BAC}.Debug|iPhoneSimulator.ActiveCfg = Debug|iPhoneSimulator
		{0774484B-99A3-4439-996C-D10EC33C9BAC}.Debug|iPhoneSimulator.Build.0 = Debug|iPhoneSimulator
		{0774484B-99A3-4439-996C-D10EC33C9BAC}.Debug|iPhoneSimulator.Deploy.0 = Debug|iPhoneSimulator
		{0774484B-99A3-4439-996C-D10EC33C9BAC}.Release|Any CPU.ActiveCfg = Release|iPhoneSimulator
		{0774484B-99A3-4439-996C-D10EC33C9BAC}.Release|Any CPU.Build.0 = Release|iPhoneSimulator
		{0774484B-99A3-4439-996C-D10EC33C9BAC}.Release|Any CPU.Deploy.0 = Release|iPhoneSimulator
		{0774484B-99A3-4439-996C-D10EC33C9BAC}.Release|iPhone.ActiveCfg = Release|iPhone
		{0774484B-99A3-4439-996C-D10EC33C9BAC}.Release|iPhone.Build.0 = Release|iPhone
		{0774484B-99A3-4439-996C-D10EC33C9BAC}.Release|iPhone.Deploy.0 = Release|iPhone
		{0774484B-99A3-4439-996C-D10EC33C9BAC}.Release|iPhoneSimulator.ActiveCfg = Release|iPhoneSimulator
		{0774484B-99A3-4439-996C-D10EC33C9BAC}.Release|iPhoneSimulator.Build.0 = Release|iPhoneSimulator
		{0774484B-99A3-4439-996C-D10EC33C9BAC}.Release|iPhoneSimulator.Deploy.0 = Release|iPhoneSimulator
		{484EEB42-C005-4DD3-B808-1322485A0AB0}.Debug|Any CPU.ActiveCfg = Debug|Any CPU
		{484EEB42-C005-4DD3-B808-1322485A0AB0}.Debug|Any CPU.Build.0 = Debug|Any CPU
		{484EEB42-C005-4DD3-B808-1322485A0AB0}.Debug|Any CPU.Deploy.0 = Debug|Any CPU
		{484EEB42-C005-4DD3-B808-1322485A0AB0}.Debug|iPhone.ActiveCfg = Debug|Any CPU
		{484EEB42-C005-4DD3-B808-1322485A0AB0}.Debug|iPhone.Build.0 = Debug|Any CPU
		{484EEB42-C005-4DD3-B808-1322485A0AB0}.Debug|iPhone.Deploy.0 = Debug|Any CPU
		{484EEB42-C005-4DD3-B808-1322485A0AB0}.Debug|iPhoneSimulator.ActiveCfg = Debug|Any CPU
		{484EEB42-C005-4DD3-B808-1322485A0AB0}.Debug|iPhoneSimulator.Build.0 = Debug|Any CPU
		{484EEB42-C005-4DD3-B808-1322485A0AB0}.Debug|iPhoneSimulator.Deploy.0 = Debug|Any CPU
		{484EEB42-C005-4DD3-B808-1322485A0AB0}.Release|Any CPU.ActiveCfg = Release|Any CPU
		{484EEB42-C005-4DD3-B808-1322485A0AB0}.Release|Any CPU.Build.0 = Release|Any CPU
		{484EEB42-C005-4DD3-B808-1322485A0AB0}.Release|Any CPU.Deploy.0 = Release|Any CPU
		{484EEB42-C005-4DD3-B808-1322485A0AB0}.Release|iPhone.ActiveCfg = Release|Any CPU
		{484EEB42-C005-4DD3-B808-1322485A0AB0}.Release|iPhone.Build.0 = Release|Any CPU
		{484EEB42-C005-4DD3-B808-1322485A0AB0}.Release|iPhone.Deploy.0 = Release|Any CPU
		{484EEB42-C005-4DD3-B808-1322485A0AB0}.Release|iPhoneSimulator.ActiveCfg = Release|Any CPU
		{484EEB42-C005-4DD3-B808-1322485A0AB0}.Release|iPhoneSimulator.Build.0 = Release|Any CPU
		{484EEB42-C005-4DD3-B808-1322485A0AB0}.Release|iPhoneSimulator.Deploy.0 = Release|Any CPU
	EndGlobalSection
	GlobalSection(SolutionProperties) = preSolution
		HideSolutionNode = FALSE
	EndGlobalSection
	GlobalSection(ExtensibilityGlobals) = postSolution
		SolutionGuid = {2ABB378D-F38C-4CAB-9F30-525FD7077D9A}
	EndGlobalSection
EndGlobal
